
Microsoft Visual Studio Solution File, Format Version 11.00
# Visual Studio 2010
Project("{FAE04EC0-301F-11D3-BF4B-00C04F79EFBC}") = "library_management1", "library_management1\library_management1.csproj", "{58D942AB-A19D-4406-9234-9A4BDDBBB766}"
EndProject
Global
	GlobalSection(SolutionConfigurationPlatforms) = preSolution
		Debug|Any CPU = Debug|Any CPU
		Release|Any CPU = Release|Any CPU
	EndGlobalSection
	GlobalSection(ProjectConfigurationPlatforms) = postSolution
		{58D942AB-A19D-4406-9234-9A4BDDBBB766}.Debug|Any CPU.ActiveCfg = Debug|Any CPU
		{58D942AB-A19D-4406-9234-9A4BDDBBB766}.Debug|Any CPU.Build.0 = Debug|Any CPU
		{58D942AB-A19D-4406-9234-9A4BDDBBB766}.Release|Any CPU.ActiveCfg = Release|Any CPU
		{58D942AB-A19D-4406-9234-9A4BDDBBB766}.Release|Any CPU.Build.0 = Release|Any CPU
	EndGlobalSection
	GlobalSection(SolutionProperties) = preSolution
		HideSolutionNode = FALSE
	EndGlobalSection
EndGlobal
